{
    "_readme": [
        "This file locks the dependencies of your project to a known state",
        "Read more about it at http://getcomposer.org/doc/01-basic-usage.md#composer-lock-the-lock-file"
    ],
    "hash": "3cd0ed70664836058e7e5976e776aa8e",
    "packages": [
        {
            "name": "juliendidier/buzz-bundle",
            "version": "2.0.x-dev",
            "target-dir": "Buzz/Bundle/BuzzBundle",
            "source": {
                "type": "git",
                "url": "https://github.com/juliendidier/BuzzBundle.git",
                "reference": "c83023092c27ba00a60092e46ffdcbd4048f17c0"
            },
            "dist": {
                "type": "zip",
                "url": "https://api.github.com/repos/juliendidier/BuzzBundle/zipball/c83023092c27ba00a60092e46ffdcbd4048f17c0",
                "reference": "c83023092c27ba00a60092e46ffdcbd4048f17c0",
                "shasum": ""
            },
            "require": {
                "kriswallsmith/buzz": "0.7",
                "php": ">=5.3.2"
            },
            "require-dev": {
                "symfony/config": "v2.0.15",
                "symfony/dependency-injection": "v2.0.15",
                "symfony/http-kernel": "v2.0.15"
            },
            "type": "symfony-bundle",
            "autoload": {
                "psr-0": {
                    "Buzz\\Bundle\\BuzzBundle": ""
                }
            },
            "notification-url": "https://packagist.org/downloads/",
            "license": [
                "MIT"
            ],
            "authors": [
                {
                    "name": "Julien DIDIER",
                    "email": "julien@jdidier.net",
                    "homepage": "http://jdidier.net"
                }
            ],
            "description": "A Symfony2 Bundle for Buzz library integration",
            "time": "2013-09-22 13:23:34"
        },
        {
            "name": "kriswallsmith/buzz",
            "version": "v0.7",
            "source": {
                "type": "git",
                "url": "https://github.com/kriswallsmith/Buzz.git",
                "reference": "62a5a27fcfa5569010483f0f164e67b32e6f6b80"
            },
            "dist": {
                "type": "zip",
                "url": "https://api.github.com/repos/kriswallsmith/Buzz/zipball/62a5a27fcfa5569010483f0f164e67b32e6f6b80",
                "reference": "62a5a27fcfa5569010483f0f164e67b32e6f6b80",
                "shasum": ""
            },
            "require": {
                "php": ">=5.3.0"
            },
            "suggest": {
                "ext-curl": "*"
            },
            "type": "library",
            "autoload": {
                "psr-0": {
                    "Buzz": "lib/"
                }
            },
            "notification-url": "https://packagist.org/downloads/",
            "license": [
                "MIT"
            ],
            "authors": [
                {
                    "name": "Kris Wallsmith",
                    "email": "kris.wallsmith@gmail.com",
                    "homepage": "http://kriswallsmith.net/"
                }
            ],
            "description": "Lightweight HTTP client",
            "homepage": "https://github.com/kriswallsmith/Buzz",
            "keywords": [
                "curl",
                "http client"
            ],
            "time": "2012-06-25 19:01:38"
        }
    ],
    "packages-dev": [

    ],
    "aliases": [

    ],
    "minimum-stability": "stable",
    "stability-flags": {
        "juliendidier/buzz-bundle": 20
    },
    "platform": {
        "php": ">=5.4.0"
    },
    "platform-dev": [

    ]
}
